
Microsoft Visual Studio Solution File, Format Version 12.00
# Visual Studio 14
VisualStudioVersion = 14.0.25420.1
MinimumVisualStudioVersion = 10.0.40219.1
Project("{FAE04EC0-301F-11D3-BF4B-00C04F79EFBC}") = "Quality.Measurement.System.Web", "Quality.Measurement.System.Web\Quality.Measurement.System.Web.csproj", "{DCDBF716-31D8-4D3E-96F0-13EA00E46CBC}"
EndProject
Project("{2150E333-8FDC-42A3-9474-1A3956D46DE8}") = "Web", "Web", "{388B4B47-2446-4497-A69F-D99844493AAE}"
EndProject
Project("{2150E333-8FDC-42A3-9474-1A3956D46DE8}") = "Test", "Test", "{DA5F769F-B16A-4D51-A563-918F0071819E}"
EndProject
Project("{2150E333-8FDC-42A3-9474-1A3956D46DE8}") = "Shared", "Shared", "{A2673D56-9714-4325-9B6D-496060A3F429}"
EndProject
Project("{2150E333-8FDC-42A3-9474-1A3956D46DE8}") = "Services", "Services", "{3E4E9986-ED9D-468D-86A1-9A713D52AD18}"
EndProject
Project("{2150E333-8FDC-42A3-9474-1A3956D46DE8}") = "ServiceHost", "ServiceHost", "{59B3D363-94A6-4F06-A022-B3EEF379075F}"
EndProject
Project("{2150E333-8FDC-42A3-9474-1A3956D46DE8}") = "Data", "Data", "{57AE2CA4-5071-4452-AA9E-AE3297624437}"
EndProject
Project("{2150E333-8FDC-42A3-9474-1A3956D46DE8}") = "BusinessLogic", "BusinessLogic", "{580CCF68-73B6-4F61-86D0-0DDDB559B056}"
EndProject
Project("{FAE04EC0-301F-11D3-BF4B-00C04F79EFBC}") = "Quality.Measurement.System.Shared.Models", "Quality.Measurement.System.Shared.Models\Quality.Measurement.System.Shared.Models.csproj", "{E9472F85-0B9F-4CC1-8F85-3E9583C39C72}"
EndProject
Project("{FAE04EC0-301F-11D3-BF4B-00C04F79EFBC}") = "Quality.Measurement.System.Shared.Helpers", "Quality.Measurement.System.Helpers\Quality.Measurement.System.Shared.Helpers.csproj", "{90E5E34C-DAB5-4E7C-981E-F2EB15E33804}"
EndProject
Project("{FAE04EC0-301F-11D3-BF4B-00C04F79EFBC}") = "Quality.Measurement.System.Shared.Data.Repository", "IH.PhysicianManagement.Shared.Data.Repository\Quality.Measurement.System.Shared.Data.Repository.csproj", "{CB43341F-AD6E-4575-92E0-B898D29B7801}"
EndProject
Project("{FAE04EC0-301F-11D3-BF4B-00C04F79EFBC}") = "Quality.Measurement.System.Data.Repository", "Quality.Measurement.System.Data\Quality.Measurement.System.Data.Repository.csproj", "{88391717-D0A1-4988-80C3-5D0F48356DA5}"
EndProject
Project("{FAE04EC0-301F-11D3-BF4B-00C04F79EFBC}") = "Quality.Measurement.System.Api.Services", "Quality.Measurement.System.Api.Services\Quality.Measurement.System.Api.Services.csproj", "{9AF14589-4CF5-4DF4-B0EC-62077AEF3411}"
EndProject
Project("{FAE04EC0-301F-11D3-BF4B-00C04F79EFBC}") = "Quality.Measurement.System.Api.Services.WebHost", "Quality.Measurement.System.Api.Services.WebHost\Quality.Measurement.System.Api.Services.WebHost.csproj", "{182C9E14-BA34-4D75-A842-01ECFFB29485}"
EndProject
Project("{FAE04EC0-301F-11D3-BF4B-00C04F79EFBC}") = "Quality.Measurement.System.BusinessLogic", "Quality.Measurement.System.BusinessLogic\Quality.Measurement.System.BusinessLogic.csproj", "{9C890C8F-0819-4F58-99E3-0DBB85907F29}"
EndProject
Project("{2150E333-8FDC-42A3-9474-1A3956D46DE8}") = "Console", "Console", "{5C1450F0-E63D-46ED-9C2E-7C37D4527070}"
EndProject
Project("{FAE04EC0-301F-11D3-BF4B-00C04F79EFBC}") = "Quality.Measurement.System.ConsoleApp", "Quality.Measurement.System.Console\Quality.Measurement.System.ConsoleApp.csproj", "{C45C0747-04B8-4840-90A6-C58FECCBA39F}"
EndProject
Project("{FAE04EC0-301F-11D3-BF4B-00C04F79EFBC}") = "Quality.Measurement.System.Shared.BusinessLogic", "Quality.Measurement.System.Shared.BusinessLogic\Quality.Measurement.System.Shared.BusinessLogic.csproj", "{62D8BC7B-A09A-46D3-AE61-49C07D9ED95B}"
EndProject
Project("{FAE04EC0-301F-11D3-BF4B-00C04F79EFBC}") = "Quality.Measurement.System.Unit.Test", "Quality.Measurement.System.Unit.Test\Quality.Measurement.System.Unit.Test.csproj", "{8FA7ED14-9656-470C-A1C4-5D21B5F603AA}"
EndProject
Global
	GlobalSection(Performance) = preSolution
		HasPerformanceSessions = true
	EndGlobalSection
	GlobalSection(SolutionConfigurationPlatforms) = preSolution
		Debug|Any CPU = Debug|Any CPU
		Release|Any CPU = Release|Any CPU
	EndGlobalSection
	GlobalSection(ProjectConfigurationPlatforms) = postSolution
		{DCDBF716-31D8-4D3E-96F0-13EA00E46CBC}.Debug|Any CPU.ActiveCfg = Debug|Any CPU
		{DCDBF716-31D8-4D3E-96F0-13EA00E46CBC}.Debug|Any CPU.Build.0 = Debug|Any CPU
		{DCDBF716-31D8-4D3E-96F0-13EA00E46CBC}.Release|Any CPU.ActiveCfg = Release|Any CPU
		{DCDBF716-31D8-4D3E-96F0-13EA00E46CBC}.Release|Any CPU.Build.0 = Release|Any CPU
		{E9472F85-0B9F-4CC1-8F85-3E9583C39C72}.Debug|Any CPU.ActiveCfg = Debug|Any CPU
		{E9472F85-0B9F-4CC1-8F85-3E9583C39C72}.Debug|Any CPU.Build.0 = Debug|Any CPU
		{E9472F85-0B9F-4CC1-8F85-3E9583C39C72}.Release|Any CPU.ActiveCfg = Release|Any CPU
		{E9472F85-0B9F-4CC1-8F85-3E9583C39C72}.Release|Any CPU.Build.0 = Release|Any CPU
		{90E5E34C-DAB5-4E7C-981E-F2EB15E33804}.Debug|Any CPU.ActiveCfg = Debug|Any CPU
		{90E5E34C-DAB5-4E7C-981E-F2EB15E33804}.Debug|Any CPU.Build.0 = Debug|Any CPU
		{90E5E34C-DAB5-4E7C-981E-F2EB15E33804}.Release|Any CPU.ActiveCfg = Release|Any CPU
		{90E5E34C-DAB5-4E7C-981E-F2EB15E33804}.Release|Any CPU.Build.0 = Release|Any CPU
		{CB43341F-AD6E-4575-92E0-B898D29B7801}.Debug|Any CPU.ActiveCfg = Debug|Any CPU
		{CB43341F-AD6E-4575-92E0-B898D29B7801}.Debug|Any CPU.Build.0 = Debug|Any CPU
		{CB43341F-AD6E-4575-92E0-B898D29B7801}.Release|Any CPU.ActiveCfg = Release|Any CPU
		{CB43341F-AD6E-4575-92E0-B898D29B7801}.Release|Any CPU.Build.0 = Release|Any CPU
		{88391717-D0A1-4988-80C3-5D0F48356DA5}.Debug|Any CPU.ActiveCfg = Debug|Any CPU
		{88391717-D0A1-4988-80C3-5D0F48356DA5}.Debug|Any CPU.Build.0 = Debug|Any CPU
		{88391717-D0A1-4988-80C3-5D0F48356DA5}.Release|Any CPU.ActiveCfg = Release|Any CPU
		{88391717-D0A1-4988-80C3-5D0F48356DA5}.Release|Any CPU.Build.0 = Release|Any CPU
		{9AF14589-4CF5-4DF4-B0EC-62077AEF3411}.Debug|Any CPU.ActiveCfg = Debug|Any CPU
		{9AF14589-4CF5-4DF4-B0EC-62077AEF3411}.Debug|Any CPU.Build.0 = Debug|Any CPU
		{9AF14589-4CF5-4DF4-B0EC-62077AEF3411}.Release|Any CPU.ActiveCfg = Release|Any CPU
		{9AF14589-4CF5-4DF4-B0EC-62077AEF3411}.Release|Any CPU.Build.0 = Release|Any CPU
		{182C9E14-BA34-4D75-A842-01ECFFB29485}.Debug|Any CPU.ActiveCfg = Debug|Any CPU
		{182C9E14-BA34-4D75-A842-01ECFFB29485}.Debug|Any CPU.Build.0 = Debug|Any CPU
		{182C9E14-BA34-4D75-A842-01ECFFB29485}.Release|Any CPU.ActiveCfg = Release|Any CPU
		{182C9E14-BA34-4D75-A842-01ECFFB29485}.Release|Any CPU.Build.0 = Release|Any CPU
		{9C890C8F-0819-4F58-99E3-0DBB85907F29}.Debug|Any CPU.ActiveCfg = Debug|Any CPU
		{9C890C8F-0819-4F58-99E3-0DBB85907F29}.Debug|Any CPU.Build.0 = Debug|Any CPU
		{9C890C8F-0819-4F58-99E3-0DBB85907F29}.Release|Any CPU.ActiveCfg = Release|Any CPU
		{9C890C8F-0819-4F58-99E3-0DBB85907F29}.Release|Any CPU.Build.0 = Release|Any CPU
		{C45C0747-04B8-4840-90A6-C58FECCBA39F}.Debug|Any CPU.ActiveCfg = Debug|Any CPU
		{C45C0747-04B8-4840-90A6-C58FECCBA39F}.Debug|Any CPU.Build.0 = Debug|Any CPU
		{C45C0747-04B8-4840-90A6-C58FECCBA39F}.Release|Any CPU.ActiveCfg = Release|Any CPU
		{C45C0747-04B8-4840-90A6-C58FECCBA39F}.Release|Any CPU.Build.0 = Release|Any CPU
		{62D8BC7B-A09A-46D3-AE61-49C07D9ED95B}.Debug|Any CPU.ActiveCfg = Debug|Any CPU
		{62D8BC7B-A09A-46D3-AE61-49C07D9ED95B}.Debug|Any CPU.Build.0 = Debug|Any CPU
		{62D8BC7B-A09A-46D3-AE61-49C07D9ED95B}.Release|Any CPU.ActiveCfg = Release|Any CPU
		{62D8BC7B-A09A-46D3-AE61-49C07D9ED95B}.Release|Any CPU.Build.0 = Release|Any CPU
		{8FA7ED14-9656-470C-A1C4-5D21B5F603AA}.Debug|Any CPU.ActiveCfg = Debug|Any CPU
		{8FA7ED14-9656-470C-A1C4-5D21B5F603AA}.Debug|Any CPU.Build.0 = Debug|Any CPU
		{8FA7ED14-9656-470C-A1C4-5D21B5F603AA}.Release|Any CPU.ActiveCfg = Release|Any CPU
		{8FA7ED14-9656-470C-A1C4-5D21B5F603AA}.Release|Any CPU.Build.0 = Release|Any CPU
	EndGlobalSection
	GlobalSection(SolutionProperties) = preSolution
		HideSolutionNode = FALSE
	EndGlobalSection
	GlobalSection(NestedProjects) = preSolution
		{DCDBF716-31D8-4D3E-96F0-13EA00E46CBC} = {388B4B47-2446-4497-A69F-D99844493AAE}
		{E9472F85-0B9F-4CC1-8F85-3E9583C39C72} = {A2673D56-9714-4325-9B6D-496060A3F429}
		{90E5E34C-DAB5-4E7C-981E-F2EB15E33804} = {A2673D56-9714-4325-9B6D-496060A3F429}
		{CB43341F-AD6E-4575-92E0-B898D29B7801} = {A2673D56-9714-4325-9B6D-496060A3F429}
		{88391717-D0A1-4988-80C3-5D0F48356DA5} = {57AE2CA4-5071-4452-AA9E-AE3297624437}
		{9AF14589-4CF5-4DF4-B0EC-62077AEF3411} = {3E4E9986-ED9D-468D-86A1-9A713D52AD18}
		{182C9E14-BA34-4D75-A842-01ECFFB29485} = {59B3D363-94A6-4F06-A022-B3EEF379075F}
		{9C890C8F-0819-4F58-99E3-0DBB85907F29} = {580CCF68-73B6-4F61-86D0-0DDDB559B056}
		{C45C0747-04B8-4840-90A6-C58FECCBA39F} = {5C1450F0-E63D-46ED-9C2E-7C37D4527070}
		{62D8BC7B-A09A-46D3-AE61-49C07D9ED95B} = {A2673D56-9714-4325-9B6D-496060A3F429}
		{8FA7ED14-9656-470C-A1C4-5D21B5F603AA} = {DA5F769F-B16A-4D51-A563-918F0071819E}
	EndGlobalSection
	GlobalSection(ExtensibilityGlobals) = postSolution
		EnterpriseLibraryConfigurationToolBinariesPathV6 = packages\EnterpriseLibrary.Common.6.0.1304.0\lib\NET45;packages\EnterpriseLibrary.Data.6.0.1304.0\lib\NET45
	EndGlobalSection
EndGlobal
